// !$*UTF8*$!
{
	archiveVersion = 1;
	classes = {
	};
	objectVersion = 46;
	objects = {

/* Begin PBXBuildFile section */
		0399870C1BAA57640077BDAB /* light_wood.jpg in Resources */ = {isa = PBXBuildFile; fileRef = 0399870B1BAA57640077BDAB /* light_wood.jpg */; };
		03CFDD9A1BA917FC00ED3456 /* main.m in Sources */ = {isa = PBXBuildFile; fileRef = 03CFDD991BA917FC00ED3456 /* main.m */; };
		03CFDD9D1BA917FC00ED3456 /* AppDelegate.m in Sources */ = {isa = PBXBuildFile; fileRef = 03CFDD9C1BA917FC00ED3456 /* AppDelegate.m */; };
		03CFDDA01BA917FC00ED3456 /* ViewController.m in Sources */ = {isa = PBXBuildFile; fileRef = 03CFDD9F1BA917FC00ED3456 /* ViewController.m */; };
		03CFDDA31BA917FD00ED3456 /* Main.storyboard in Resources */ = {isa = PBXBuildFile; fileRef = 03CFDDA11BA917FD00ED3456 /* Main.storyboard */; };
		03CFDDA51BA917FD00ED3456 /* Images.xcassets in Resources */ = {isa = PBXBuildFile; fileRef = 03CFDDA41BA917FD00ED3456 /* Images.xcassets */; };
		03CFDDA81BA917FD00ED3456 /* LaunchScreen.xib in Resources */ = {isa = PBXBuildFile; fileRef = 03CFDDA61BA917FD00ED3456 /* LaunchScreen.xib */; };
		03CFDDB41BA917FD00ED3456 /* MclJsonSerializerDemoTests.m in Sources */ = {isa = PBXBuildFile; fileRef = 03CFDDB31BA917FD00ED3456 /* MclJsonSerializerDemoTests.m */; };
		03CFDDC21BA9186300ED3456 /* CLJsonObjectValueSet.m in Sources */ = {isa = PBXBuildFile; fileRef = 03CFDDBF1BA9186300ED3456 /* CLJsonObjectValueSet.m */; };
		03CFDDC31BA9186300ED3456 /* CLJsonSerializer.m in Sources */ = {isa = PBXBuildFile; fileRef = 03CFDDC11BA9186300ED3456 /* CLJsonSerializer.m */; };
/* End PBXBuildFile section */

/* Begin PBXContainerItemProxy section */
		03CFDDAE1BA917FD00ED3456 /* PBXContainerItemProxy */ = {
			isa = PBXContainerItemProxy;
			containerPortal = 03CFDD8C1BA917FC00ED3456 /* Project object */;
			proxyType = 1;
			remoteGlobalIDString = 03CFDD931BA917FC00ED3456;
			remoteInfo = MclJsonSerializerDemo;
		};
/* End PBXContainerItemProxy section */

/* Begin PBXFileReference section */
		0399870B1BAA57640077BDAB /* light_wood.jpg */ = {isa = PBXFileReference; lastKnownFileType = image.jpeg; path = light_wood.jpg; sourceTree = "<group>"; };
		03CFDD941BA917FC00ED3456 /* MclJsonSerializerDemo.app */ = {isa = PBXFileReference; explicitFileType = wrapper.application; includeInIndex = 0; path = MclJsonSerializerDemo.app; sourceTree = BUILT_PRODUCTS_DIR; };
		03CFDD981BA917FC00ED3456 /* Info.plist */ = {isa = PBXFileReference; lastKnownFileType = text.plist.xml; path = Info.plist; sourceTree = "<group>"; };
		03CFDD991BA917FC00ED3456 /* main.m */ = {isa = PBXFileReference; lastKnownFileType = sourcecode.c.objc; path = main.m; sourceTree = "<group>"; };
		03CFDD9B1BA917FC00ED3456 /* AppDelegate.h */ = {isa = PBXFileReference; lastKnownFileType = sourcecode.c.h; path = AppDelegate.h; sourceTree = "<group>"; };
		03CFDD9C1BA917FC00ED3456 /* AppDelegate.m */ = {isa = PBXFileReference; lastKnownFileType = sourcecode.c.objc; path = AppDelegate.m; sourceTree = "<group>"; };
		03CFDD9E1BA917FC00ED3456 /* ViewController.h */ = {isa = PBXFileReference; lastKnownFileType = sourcecode.c.h; path = ViewController.h; sourceTree = "<group>"; };
		03CFDD9F1BA917FC00ED3456 /* ViewController.m */ = {isa = PBXFileReference; lastKnownFileType = sourcecode.c.objc; path = ViewController.m; sourceTree = "<group>"; };
		03CFDDA21BA917FD00ED3456 /* Base */ = {isa = PBXFileReference; lastKnownFileType = file.storyboard; name = Base; path = Base.lproj/Main.storyboard; sourceTree = "<group>"; };
		03CFDDA41BA917FD00ED3456 /* Images.xcassets */ = {isa = PBXFileReference; lastKnownFileType = folder.assetcatalog; path = Images.xcassets; sourceTree = "<group>"; };
		03CFDDA71BA917FD00ED3456 /* Base */ = {isa = PBXFileReference; lastKnownFileType = file.xib; name = Base; path = Base.lproj/LaunchScreen.xib; sourceTree = "<group>"; };
		03CFDDAD1BA917FD00ED3456 /* MclJsonSerializerDemoTests.xctest */ = {isa = PBXFileReference; explicitFileType = wrapper.cfbundle; includeInIndex = 0; path = MclJsonSerializerDemoTests.xctest; sourceTree = BUILT_PRODUCTS_DIR; };
		03CFDDB21BA917FD00ED3456 /* Info.plist */ = {isa = PBXFileReference; lastKnownFileType = text.plist.xml; path = Info.plist; sourceTree = "<group>"; };
		03CFDDB31BA917FD00ED3456 /* MclJsonSerializerDemoTests.m */ = {isa = PBXFileReference; lastKnownFileType = sourcecode.c.objc; path = MclJsonSerializerDemoTests.m; sourceTree = "<group>"; };
		03CFDDBE1BA9186300ED3456 /* CLJsonObjectValueSet.h */ = {isa = PBXFileReference; fileEncoding = 4; lastKnownFileType = sourcecode.c.h; path = CLJsonObjectValueSet.h; sourceTree = "<group>"; };
		03CFDDBF1BA9186300ED3456 /* CLJsonObjectValueSet.m */ = {isa = PBXFileReference; fileEncoding = 4; lastKnownFileType = sourcecode.c.objc; path = CLJsonObjectValueSet.m; sourceTree = "<group>"; };
		03CFDDC01BA9186300ED3456 /* CLJsonSerializer.h */ = {isa = PBXFileReference; fileEncoding = 4; lastKnownFileType = sourcecode.c.h; path = CLJsonSerializer.h; sourceTree = "<group>"; };
		03CFDDC11BA9186300ED3456 /* CLJsonSerializer.m */ = {isa = PBXFileReference; fileEncoding = 4; lastKnownFileType = sourcecode.c.objc; path = CLJsonSerializer.m; sourceTree = "<group>"; };
/* End PBXFileReference section */

/* Begin PBXFrameworksBuildPhase section */
		03CFDD911BA917FC00ED3456 /* Frameworks */ = {
			isa = PBXFrameworksBuildPhase;
			buildActionMask = 2147483647;
			files = (
			);
			runOnlyForDeploymentPostprocessing = 0;
		};
		03CFDDAA1BA917FD00ED3456 /* Frameworks */ = {
			isa = PBXFrameworksBuildPhase;
			buildActionMask = 2147483647;
			files = (
			);
			runOnlyForDeploymentPostprocessing = 0;
		};
/* End PBXFrameworksBuildPhase section */

/* Begin PBXGroup section */
		03CFDD8B1BA917FC00ED3456 = {
			isa = PBXGroup;
			children = (
				03CFDD961BA917FC00ED3456 /* MclJsonSerializerDemo */,
				03CFDDB01BA917FD00ED3456 /* MclJsonSerializerDemoTests */,
				03CFDD951BA917FC00ED3456 /* Products */,
			);
			sourceTree = "<group>";
		};
		03CFDD951BA917FC00ED3456 /* Products */ = {
			isa = PBXGroup;
			children = (
				03CFDD941BA917FC00ED3456 /* MclJsonSerializerDemo.app */,
				03CFDDAD1BA917FD00ED3456 /* MclJsonSerializerDemoTests.xctest */,
			);
			name = Products;
			sourceTree = "<group>";
		};
		03CFDD961BA917FC00ED3456 /* MclJsonSerializerDemo */ = {
			isa = PBXGroup;
			children = (
				0399870B1BAA57640077BDAB /* light_wood.jpg */,
				03CFDDBD1BA9186300ED3456 /* Lib */,
				03CFDD9B1BA917FC00ED3456 /* AppDelegate.h */,
				03CFDD9C1BA917FC00ED3456 /* AppDelegate.m */,
				03CFDD9E1BA917FC00ED3456 /* ViewController.h */,
				03CFDD9F1BA917FC00ED3456 /* ViewController.m */,
				03CFDDA11BA917FD00ED3456 /* Main.storyboard */,
				03CFDDA41BA917FD00ED3456 /* Images.xcassets */,
				03CFDDA61BA917FD00ED3456 /* LaunchScreen.xib */,
				03CFDD971BA917FC00ED3456 /* Supporting Files */,
			);
			path = MclJsonSerializerDemo;
			sourceTree = "<group>";
		};
		03CFDD971BA917FC00ED3456 /* Supporting Files */ = {
			isa = PBXGroup;
			children = (
				03CFDD981BA917FC00ED3456 /* Info.plist */,
				03CFDD991BA917FC00ED3456 /* main.m */,
			);
			name = "Supporting Files";
			sourceTree = "<group>";
		};
		03CFDDB01BA917FD00ED3456 /* MclJsonSerializerDemoTests */ = {
			isa = PBXGroup;
			children = (
				03CFDDB31BA917FD00ED3456 /* MclJsonSerializerDemoTests.m */,
				03CFDDB11BA917FD00ED3456 /* Supporting Files */,
			);
			path = MclJsonSerializerDemoTests;
			sourceTree = "<group>";
		};
		03CFDDB11BA917FD00ED3456 /* Supporting Files */ = {
			isa = PBXGroup;
			children = (
				03CFDDB21BA917FD00ED3456 /* Info.plist */,
			);
			name = "Supporting Files";
			sourceTree = "<group>";
		};
		03CFDDBD1BA9186300ED3456 /* Lib */ = {
			isa = PBXGroup;
			children = (
				03CFDDBE1BA9186300ED3456 /* CLJsonObjectValueSet.h */,
				03CFDDBF1BA9186300ED3456 /* CLJsonObjectValueSet.m */,
				03CFDDC01BA9186300ED3456 /* CLJsonSerializer.h */,
				03CFDDC11BA9186300ED3456 /* CLJsonSerializer.m */,
			);
			path = Lib;
			sourceTree = SOURCE_ROOT;
		};
/* End PBXGroup section */

/* Begin PBXNativeTarget section */
		03CFDD931BA917FC00ED3456 /* MclJsonSerializerDemo */ = {
			isa = PBXNativeTarget;
			buildConfigurationList = 03CFDDB71BA917FD00ED3456 /* Build configuration list for PBXNativeTarget "MclJsonSerializerDemo" */;
			buildPhases = (
				03CFDD901BA917FC00ED3456 /* Sources */,
				03CFDD911BA917FC00ED3456 /* Frameworks */,
				03CFDD921BA917FC00ED3456 /* Resources */,
			);
			buildRules = (
			);
			dependencies = (
			);
			name = MclJsonSerializerDemo;
			productName = MclJsonSerializerDemo;
			productReference = 03CFDD941BA917FC00ED3456 /* MclJsonSerializerDemo.app */;
			productType = "com.apple.product-type.application";
		};
		03CFDDAC1BA917FD00ED3456 /* MclJsonSerializerDemoTests */ = {
			isa = PBXNativeTarget;
			buildConfigurationList = 03CFDDBA1BA917FD00ED3456 /* Build configuration list for PBXNativeTarget "MclJsonSerializerDemoTests" */;
			buildPhases = (
				03CFDDA91BA917FD00ED3456 /* Sources */,
				03CFDDAA1BA917FD00ED3456 /* Frameworks */,
				03CFDDAB1BA917FD00ED3456 /* Resources */,
			);
			buildRules = (
			);
			dependencies = (
				03CFDDAF1BA917FD00ED3456 /* PBXTargetDependency */,
			);
			name = MclJsonSerializerDemoTests;
			productName = MclJsonSerializerDemoTests;
			productReference = 03CFDDAD1BA917FD00ED3456 /* MclJsonSerializerDemoTests.xctest */;
			productType = "com.apple.product-type.bundle.unit-test";
		};
/* End PBXNativeTarget section */

/* Begin PBXProject section */
		03CFDD8C1BA917FC00ED3456 /* Project object */ = {
			isa = PBXProject;
			attributes = {
				LastUpgradeCheck = 0630;
				ORGANIZATIONNAME = yilecity;
				TargetAttributes = {
					03CFDD931BA917FC00ED3456 = {
						CreatedOnToolsVersion = 6.3;
					};
					03CFDDAC1BA917FD00ED3456 = {
						CreatedOnToolsVersion = 6.3;
						TestTargetID = 03CFDD931BA917FC00ED3456;
					};
				};
			};
			buildConfigurationList = 03CFDD8F1BA917FC00ED3456 /* Build configuration list for PBXProject "MclJsonSerializerDemo" */;
			compatibilityVersion = "Xcode 3.2";
			developmentRegion = English;
			hasScannedForEncodings = 0;
			knownRegions = (
				en,
				Base,
			);
			mainGroup = 03CFDD8B1BA917FC00ED3456;
			productRefGroup = 03CFDD951BA917FC00ED3456 /* Products */;
			projectDirPath = "";
			projectRoot = "";
			targets = (
				03CFDD931BA917FC00ED3456 /* MclJsonSerializerDemo */,
				03CFDDAC1BA917FD00ED3456 /* MclJsonSerializerDemoTests */,
			);
		};
/* End PBXProject section */

/* Begin PBXResourcesBuildPhase section */
		03CFDD921BA917FC00ED3456 /* Resources */ = {
			isa = PBXResourcesBuildPhase;
			buildActionMask = 2147483647;
			files = (
				03CFDDA31BA917FD00ED3456 /* Main.storyboard in Resources */,
				0399870C1BAA57640077BDAB /* light_wood.jpg in Resources */,
				03CFDDA81BA917FD00ED3456 /* LaunchScreen.xib in Resources */,
				03CFDDA51BA917FD00ED3456 /* Images.xcassets in Resources */,
			);
			runOnlyForDeploymentPostprocessing = 0;
		};
		03CFDDAB1BA917FD00ED3456 /* Resources */ = {
			isa = PBXResourcesBuildPhase;
			buildActionMask = 2147483647;
			files = (
			);
			runOnlyForDeploymentPostprocessing = 0;
		};
/* End PBXResourcesBuildPhase section */

/* Begin PBXSourcesBuildPhase section */
		03CFDD901BA917FC00ED3456 /* Sources */ = {
			isa = PBXSourcesBuildPhase;
			buildActionMask = 2147483647;
			files = (
				03CFDDA01BA917FC00ED3456 /* ViewController.m in Sources */,
				03CFDD9D1BA917FC00ED3456 /* AppDelegate.m in Sources */,
				03CFDDC21BA9186300ED3456 /* CLJsonObjectValueSet.m in Sources */,
				03CFDD9A1BA917FC00ED3456 /* main.m in Sources */,
				03CFDDC31BA9186300ED3456 /* CLJsonSerializer.m in Sources */,
			);
			runOnlyForDeploymentPostprocessing = 0;
		};
		03CFDDA91BA917FD00ED3456 /* Sources */ = {
			isa = PBXSourcesBuildPhase;
			buildActionMask = 2147483647;
			files = (
				03CFDDB41BA917FD00ED3456 /* MclJsonSerializerDemoTests.m in Sources */,
			);
			runOnlyForDeploymentPostprocessing = 0;
		};
/* End PBXSourcesBuildPhase section */

/* Begin PBXTargetDependency section */
		03CFDDAF1BA917FD00ED3456 /* PBXTargetDependency */ = {
			isa = PBXTargetDependency;
			target = 03CFDD931BA917FC00ED3456 /* MclJsonSerializerDemo */;
			targetProxy = 03CFDDAE1BA917FD00ED3456 /* PBXContainerItemProxy */;
		};
/* End PBXTargetDependency section */

/* Begin PBXVariantGroup section */
		03CFDDA11BA917FD00ED3456 /* Main.storyboard */ = {
			isa = PBXVariantGroup;
			children = (
				03CFDDA21BA917FD00ED3456 /* Base */,
			);
			name = Main.storyboard;
			sourceTree = "<group>";
		};
		03CFDDA61BA917FD00ED3456 /* LaunchScreen.xib */ = {
			isa = PBXVariantGroup;
			children = (
				03CFDDA71BA917FD00ED3456 /* Base */,
			);
			name = LaunchScreen.xib;
			sourceTree = "<group>";
		};
/* End PBXVariantGroup section */

/* Begin XCBuildConfiguration section */
		03CFDDB51BA917FD00ED3456 /* Debug */ = {
			isa = XCBuildConfiguration;
			buildSettings = {
				ALWAYS_SEARCH_USER_PATHS = NO;
				CLANG_CXX_LANGUAGE_STANDARD = "gnu++0x";
				CLANG_CXX_LIBRARY = "libc++";
				CLANG_ENABLE_MODULES = YES;
				CLANG_ENABLE_OBJC_ARC = YES;
				CLANG_WARN_BOOL_CONVERSION = YES;
				CLANG_WARN_CONSTANT_CONVERSION = YES;
				CLANG_WARN_DIRECT_OBJC_ISA_USAGE = YES_ERROR;
				CLANG_WARN_EMPTY_BODY = YES;
				CLANG_WARN_ENUM_CONVERSION = YES;
				CLANG_WARN_INT_CONVERSION = YES;
				CLANG_WARN_OBJC_ROOT_CLASS = YES_ERROR;
				CLANG_WARN_UNREACHABLE_CODE = YES;
				CLANG_WARN__DUPLICATE_METHOD_MATCH = YES;
				"CODE_SIGN_IDENTITY[sdk=iphoneos*]" = "iPhone Developer";
				COPY_PHASE_STRIP = NO;
				DEBUG_INFORMATION_FORMAT = "dwarf-with-dsym";
				ENABLE_STRICT_OBJC_MSGSEND = YES;
				GCC_C_LANGUAGE_STANDARD = gnu99;
				GCC_DYNAMIC_NO_PIC = NO;
				GCC_NO_COMMON_BLOCKS = YES;
				GCC_OPTIMIZATION_LEVEL = 0;
				GCC_PREPROCESSOR_DEFINITIONS = (
					"DEBUG=1",
					"$(inherited)",
				);
				GCC_SYMBOLS_PRIVATE_EXTERN = NO;
				GCC_WARN_64_TO_32_BIT_CONVERSION = YES;
				GCC_WARN_ABOUT_RETURN_TYPE = YES_ERROR;
				GCC_WARN_UNDECLARED_SELECTOR = YES;
				GCC_WARN_UNINITIALIZED_AUTOS = YES_AGGRESSIVE;
				GCC_WARN_UNUSED_FUNCTION = YES;
				GCC_WARN_UNUSED_VARIABLE = YES;
				IPHONEOS_DEPLOYMENT_TARGET = 8.3;
				MTL_ENABLE_DEBUG_INFO = YES;
				ONLY_ACTIVE_ARCH = YES;
				SDKROOT = iphoneos;
			};
			name = Debug;
		};
		03CFDDB61BA917FD00ED3456 /* Release */ = {
			isa = XCBuildConfiguration;
			buildSettings = {
				ALWAYS_SEARCH_USER_PATHS = NO;
				CLANG_CXX_LANGUAGE_STANDARD = "gnu++0x";
				CLANG_CXX_LIBRARY = "libc++";
				CLANG_ENABLE_MODULES = YES;
				CLANG_ENABLE_OBJC_ARC = YES;
				CLANG_WARN_BOOL_CONVERSION = YES;
				CLANG_WARN_CONSTANT_CONVERSION = YES;
				CLANG_WARN_DIRECT_OBJC_ISA_USAGE = YES_ERROR;
				CLANG_WARN_EMPTY_BODY = YES;
				CLANG_WARN_ENUM_CONVERSION = YES;
				CLANG_WARN_INT_CONVERSION = YES;
				CLANG_WARN_OBJC_ROOT_CLASS = YES_ERROR;
				CLANG_WARN_UNREACHABLE_CODE = YES;
				CLANG_WARN__DUPLICATE_METHOD_MATCH = YES;
				"CODE_SIGN_IDENTITY[sdk=iphoneos*]" = "iPhone Developer";
				COPY_PHASE_STRIP = NO;
				DEBUG_INFORMATION_FORMAT = "dwarf-with-dsym";
				ENABLE_NS_ASSERTIONS = NO;
				ENABLE_STRICT_OBJC_MSGSEND = YES;
				GCC_C_LANGUAGE_STANDARD = gnu99;
				GCC_NO_COMMON_BLOCKS = YES;
				GCC_WARN_64_TO_32_BIT_CONVERSION = YES;
				GCC_WARN_ABOUT_RETURN_TYPE = YES_ERROR;
				GCC_WARN_UNDECLARED_SELECTOR = YES;
				GCC_WARN_UNINITIALIZED_AUTOS = YES_AGGRESSIVE;
				GCC_WARN_UNUSED_FUNCTION = YES;
				GCC_WARN_UNUSED_VARIABLE = YES;
				IPHONEOS_DEPLOYMENT_TARGET = 8.3;
				MTL_ENABLE_DEBUG_INFO = NO;
				SDKROOT = iphoneos;
				VALIDATE_PRODUCT = YES;
			};
			name = Release;
		};
		03CFDDB81BA917FD00ED3456 /* Debug */ = {
			isa = XCBuildConfiguration;
			buildSettings = {
				ASSETCATALOG_COMPILER_APPICON_NAME = AppIcon;
				INFOPLIST_FILE = MclJsonSerializerDemo/Info.plist;
				LD_RUNPATH_SEARCH_PATHS = "$(inherited) @executable_path/Frameworks";
				PRODUCT_NAME = "$(TARGET_NAME)";
			};
			name = Debug;
		};
		03CFDDB91BA917FD00ED3456 /* Release */ = {
			isa = XCBuildConfiguration;
			buildSettings = {
				ASSETCATALOG_COMPILER_APPICON_NAME = AppIcon;
				INFOPLIST_FILE = MclJsonSerializerDemo/Info.plist;
				LD_RUNPATH_SEARCH_PATHS = "$(inherited) @executable_path/Frameworks";
				PRODUCT_NAME = "$(TARGET_NAME)";
			};
			name = Release;
		};
		03CFDDBB1BA917FD00ED3456 /* Debug */ = {
			isa = XCBuildConfiguration;
			buildSettings = {
				BUNDLE_LOADER = "$(TEST_HOST)";
				FRAMEWORK_SEARCH_PATHS = (
					"$(SDKROOT)/Developer/Library/Frameworks",
					"$(inherited)",
				);
				GCC_PREPROCESSOR_DEFINITIONS = (
					"DEBUG=1",
					"$(inherited)",
				);
				INFOPLIST_FILE = MclJsonSerializerDemoTests/Info.plist;
				LD_RUNPATH_SEARCH_PATHS = "$(inherited) @executable_path/Frameworks @loader_path/Frameworks";
				PRODUCT_NAME = "$(TARGET_NAME)";
				TEST_HOST = "$(BUILT_PRODUCTS_DIR)/MclJsonSerializerDemo.app/MclJsonSerializerDemo";
			};
			name = Debug;
		};
		03CFDDBC1BA917FD00ED3456 /* Release */ = {
			isa = XCBuildConfiguration;
			buildSettings = {
				BUNDLE_LOADER = "$(TEST_HOST)";
				FRAMEWORK_SEARCH_PATHS = (
					"$(SDKROOT)/Developer/Library/Frameworks",
					"$(inherited)",
				);
				INFOPLIST_FILE = MclJsonSerializerDemoTests/Info.plist;
				LD_RUNPATH_SEARCH_PATHS = "$(inherited) @executable_path/Frameworks @loader_path/Frameworks";
				PRODUCT_NAME = "$(TARGET_NAME)";
				TEST_HOST = "$(BUILT_PRODUCTS_DIR)/MclJsonSerializerDemo.app/MclJsonSerializerDemo";
			};
			name = Release;
		};
/* End XCBuildConfiguration section */

/* Begin XCConfigurationList section */
		03CFDD8F1BA917FC00ED3456 /* Build configuration list for PBXProject "MclJsonSerializerDemo" */ = {
			isa = XCConfigurationList;
			buildConfigurations = (
				03CFDDB51BA917FD00ED3456 /* Debug */,
				03CFDDB61BA917FD00ED3456 /* Release */,
			);
			defaultConfigurationIsVisible = 0;
			defaultConfigurationName = Release;
		};
		03CFDDB71BA917FD00ED3456 /* Build configuration list for PBXNativeTarget "MclJsonSerializerDemo" */ = {
			isa = XCConfigurationList;
			buildConfigurations = (
				03CFDDB81BA917FD00ED3456 /* Debug */,
				03CFDDB91BA917FD00ED3456 /* Release */,
			);
			defaultConfigurationIsVisible = 0;
			defaultConfigurationName = Release;
		};
		03CFDDBA1BA917FD00ED3456 /* Build configuration list for PBXNativeTarget "MclJsonSerializerDemoTests" */ = {
			isa = XCConfigurationList;
			buildConfigurations = (
				03CFDDBB1BA917FD00ED3456 /* Debug */,
				03CFDDBC1BA917FD00ED3456 /* Release */,
			);
			defaultConfigurationIsVisible = 0;
			defaultConfigurationName = Release;
		};
/* End XCConfigurationList section */
	};
	rootObject = 03CFDD8C1BA917FC00ED3456 /* Project object */;
}
